// !$*UTF8*$!
{
	archiveVersion = 1;
	classes = {
	};
	objectVersion = 42;
	objects = {

/* Begin PBXFileReference section */
		0E06219E0EB4B7D60084E761 /* get.sensitivity.Rd */ = {isa = PBXFileReference; fileEncoding = 30; lastKnownFileType = text; name = get.sensitivity.Rd; path = man/get.sensitivity.Rd; sourceTree = "<group>"; };
		0E39E53E0E6ABC36008B7B91 /* as.graph.q */ = {isa = PBXFileReference; fileEncoding = 4; lastKnownFileType = text; name = as.graph.q; path = R/as.graph.q; sourceTree = "<group>"; };
		0E39E5430E6AD475008B7B91 /* plot.RHuginDomain.q */ = {isa = PBXFileReference; fileEncoding = 4; lastKnownFileType = text; name = plot.RHuginDomain.q; path = R/plot.RHuginDomain.q; sourceTree = SOURCE_ROOT; };
		0E39E5650E6AF2F9008B7B91 /* position.nodes.q */ = {isa = PBXFileReference; fileEncoding = 4; lastKnownFileType = text; name = position.nodes.q; path = R/position.nodes.q; sourceTree = SOURCE_ROOT; };
		0E39E5850E6AF895008B7B91 /* plot.RHuginDomain.Rd */ = {isa = PBXFileReference; fileEncoding = 4; lastKnownFileType = text; name = plot.RHuginDomain.Rd; path = man/plot.RHuginDomain.Rd; sourceTree = SOURCE_ROOT; };
		0E39E5860E6AF895008B7B91 /* position.nodes.Rd */ = {isa = PBXFileReference; fileEncoding = 4; lastKnownFileType = text; name = position.nodes.Rd; path = man/position.nodes.Rd; sourceTree = SOURCE_ROOT; };
		0E39E5CE0E6B0590008B7B91 /* as.graph.Rd */ = {isa = PBXFileReference; fileEncoding = 4; lastKnownFileType = text; name = as.graph.Rd; path = man/as.graph.Rd; sourceTree = SOURCE_ROOT; };
		0E9E4E270EAB90A600AAA7D7 /* RHExample.q */ = {isa = PBXFileReference; fileEncoding = 30; lastKnownFileType = text; name = RHExample.q; path = R/RHExample.q; sourceTree = SOURCE_ROOT; };
		0E9E4E2A0EAB916800AAA7D7 /* RHExample.Rd */ = {isa = PBXFileReference; fileEncoding = 30; lastKnownFileType = text; name = RHExample.Rd; path = man/RHExample.Rd; sourceTree = SOURCE_ROOT; };
		0EA791AE0DF1755B007CDD16 /* summary.RHuginDomain.q */ = {isa = PBXFileReference; fileEncoding = 4; lastKnownFileType = text; name = summary.RHuginDomain.q; path = R/summary.RHuginDomain.q; sourceTree = SOURCE_ROOT; };
		0EA791CF0DF17F15007CDD16 /* print.summary.RHuginDomain.q */ = {isa = PBXFileReference; fileEncoding = 4; lastKnownFileType = text; name = print.summary.RHuginDomain.q; path = R/print.summary.RHuginDomain.q; sourceTree = SOURCE_ROOT; };
		0EFD932D0E8FE8E000A0CDAA /* buildTestNetwork.r */ = {isa = PBXFileReference; fileEncoding = 4; lastKnownFileType = sourcecode.rez; path = buildTestNetwork.r; sourceTree = "<group>"; };
		DA4C81C40EB2054F00834BEA /* get.sensitivity.q */ = {isa = PBXFileReference; fileEncoding = 4; lastKnownFileType = text; name = get.sensitivity.q; path = R/get.sensitivity.q; sourceTree = "<group>"; };
		DA5E09C40E711F1B0014FAFE /* buildAppleTreeNetwork.r */ = {isa = PBXFileReference; fileEncoding = 4; lastKnownFileType = sourcecode.rez; name = buildAppleTreeNetwork.r; path = demo/buildAppleTreeNetwork.r; sourceTree = SOURCE_ROOT; };
		DA5E09D70E7128940014FAFE /* buildChestClinicNetwork.r */ = {isa = PBXFileReference; fileEncoding = 4; lastKnownFileType = sourcecode.rez; path = buildChestClinicNetwork.r; sourceTree = "<group>"; };
		DA5E0A4E0E7161740014FAFE /* 00Index */ = {isa = PBXFileReference; fileEncoding = 4; lastKnownFileType = text; path = 00Index; sourceTree = "<group>"; };
		DAD83CD30E1A3764005C9495 /* set.finding.q */ = {isa = PBXFileReference; fileEncoding = 4; lastKnownFileType = text; name = set.finding.q; path = R/set.finding.q; sourceTree = "<group>"; };
		DAD83CD40E1A4044005C9495 /* get.finding.q */ = {isa = PBXFileReference; fileEncoding = 4; lastKnownFileType = text; name = get.finding.q; path = R/get.finding.q; sourceTree = SOURCE_ROOT; };
		DAD83CEF0E1A52EE005C9495 /* get.finding.Rd */ = {isa = PBXFileReference; fileEncoding = 4; lastKnownFileType = text; name = get.finding.Rd; path = man/get.finding.Rd; sourceTree = SOURCE_ROOT; };
		DAD83CF00E1A52EE005C9495 /* set.finding.Rd */ = {isa = PBXFileReference; fileEncoding = 4; lastKnownFileType = text; name = set.finding.Rd; path = man/set.finding.Rd; sourceTree = SOURCE_ROOT; };
		DAD83CF10E1A52EE005C9495 /* summary.RHuginDomain.Rd */ = {isa = PBXFileReference; fileEncoding = 4; lastKnownFileType = text; name = summary.RHuginDomain.Rd; path = man/summary.RHuginDomain.Rd; sourceTree = SOURCE_ROOT; };
		DAD83CF20E1A5620005C9495 /* print.RHuginDomain.Rd */ = {isa = PBXFileReference; fileEncoding = 4; lastKnownFileType = text; name = print.RHuginDomain.Rd; path = man/print.RHuginDomain.Rd; sourceTree = SOURCE_ROOT; };
		DAD83CF30E1A5620005C9495 /* print.summary.RHuginDomain.Rd */ = {isa = PBXFileReference; fileEncoding = 4; lastKnownFileType = text; name = print.summary.RHuginDomain.Rd; path = man/print.summary.RHuginDomain.Rd; sourceTree = SOURCE_ROOT; };
		DAEFA1A80DE3081A002B126B /* add.edge.q */ = {isa = PBXFileReference; fileEncoding = 4; lastKnownFileType = text; name = add.edge.q; path = R/add.edge.q; sourceTree = SOURCE_ROOT; };
		DAEFA1A90DE3081A002B126B /* add.node.q */ = {isa = PBXFileReference; fileEncoding = 4; lastKnownFileType = text; name = add.node.q; path = R/add.node.q; sourceTree = SOURCE_ROOT; };
		DAEFA1AA0DE3081A002B126B /* clone.node.q */ = {isa = PBXFileReference; fileEncoding = 4; lastKnownFileType = text; name = clone.node.q; path = R/clone.node.q; sourceTree = SOURCE_ROOT; };
		DAEFA1AB0DE3081A002B126B /* compile.q */ = {isa = PBXFileReference; fileEncoding = 4; lastKnownFileType = text; name = compile.q; path = R/compile.q; sourceTree = SOURCE_ROOT; };
		DAEFA1AD0DE3081A002B126B /* delete.edge.q */ = {isa = PBXFileReference; fileEncoding = 4; lastKnownFileType = text; name = delete.edge.q; path = R/delete.edge.q; sourceTree = SOURCE_ROOT; };
		DAEFA1AE0DE3081A002B126B /* delete.node.q */ = {isa = PBXFileReference; fileEncoding = 4; lastKnownFileType = text; name = delete.node.q; path = R/delete.node.q; sourceTree = SOURCE_ROOT; };
		DAEFA1AF0DE3081A002B126B /* error.code.q */ = {isa = PBXFileReference; fileEncoding = 4; lastKnownFileType = text; name = error.code.q; path = R/error.code.q; sourceTree = SOURCE_ROOT; };
		DAEFA1B00DE3081A002B126B /* error.description.q */ = {isa = PBXFileReference; fileEncoding = 4; lastKnownFileType = text; name = error.description.q; path = R/error.description.q; sourceTree = SOURCE_ROOT; };
		DAEFA1B30DE3081B002B126B /* get.belief.q */ = {isa = PBXFileReference; fileEncoding = 4; lastKnownFileType = text; name = get.belief.q; path = R/get.belief.q; sourceTree = SOURCE_ROOT; };
		DAEFA1B40DE3081B002B126B /* get.cases.q */ = {isa = PBXFileReference; fileEncoding = 4; lastKnownFileType = text; name = get.cases.q; path = R/get.cases.q; sourceTree = SOURCE_ROOT; };
		DAEFA1B50DE3081B002B126B /* get.edges.q */ = {isa = PBXFileReference; fileEncoding = 4; lastKnownFileType = text; name = get.edges.q; path = R/get.edges.q; sourceTree = SOURCE_ROOT; };
		DAEFA1B60DE3081B002B126B /* get.nodes.q */ = {isa = PBXFileReference; fileEncoding = 4; lastKnownFileType = text; name = get.nodes.q; path = R/get.nodes.q; sourceTree = SOURCE_ROOT; };
		DAEFA1B70DE3081B002B126B /* get.normalization.constant.q */ = {isa = PBXFileReference; fileEncoding = 4; lastKnownFileType = text; name = get.normalization.constant.q; path = R/get.normalization.constant.q; sourceTree = SOURCE_ROOT; };
		DAEFA1B80DE3081B002B126B /* get.states.q */ = {isa = PBXFileReference; fileEncoding = 4; lastKnownFileType = text; name = get.states.q; path = R/get.states.q; sourceTree = SOURCE_ROOT; };
		DAEFA1B90DE3081B002B126B /* get.table.nodes.q */ = {isa = PBXFileReference; fileEncoding = 4; lastKnownFileType = text; name = get.table.nodes.q; path = R/get.table.nodes.q; sourceTree = SOURCE_ROOT; };
		DAEFA1BA0DE3081B002B126B /* get.table.q */ = {isa = PBXFileReference; fileEncoding = 4; lastKnownFileType = text; name = get.table.q; path = R/get.table.q; sourceTree = SOURCE_ROOT; };
		DAEFA1BB0DE3081B002B126B /* hugin.domain.q */ = {isa = PBXFileReference; fileEncoding = 4; lastKnownFileType = text; name = hugin.domain.q; path = R/hugin.domain.q; sourceTree = SOURCE_ROOT; };
		DAEFA1BC0DE3081B002B126B /* initialize.domain.q */ = {isa = PBXFileReference; fileEncoding = 4; lastKnownFileType = text; name = initialize.domain.q; path = R/initialize.domain.q; sourceTree = SOURCE_ROOT; };
		DAEFA1BD0DE3081B002B126B /* library.q */ = {isa = PBXFileReference; fileEncoding = 4; lastKnownFileType = text; name = library.q; path = R/library.q; sourceTree = SOURCE_ROOT; };
		DAEFA1BE0DE3081B002B126B /* print.RHuginDomain.q */ = {isa = PBXFileReference; fileEncoding = 4; lastKnownFileType = text; name = print.RHuginDomain.q; path = R/print.RHuginDomain.q; sourceTree = SOURCE_ROOT; };
		DAEFA1BF0DE3081B002B126B /* propagate.q */ = {isa = PBXFileReference; fileEncoding = 4; lastKnownFileType = text; name = propagate.q; path = R/propagate.q; sourceTree = SOURCE_ROOT; };
		DAEFA1C00DE3081B002B126B /* read.rhd.q */ = {isa = PBXFileReference; fileEncoding = 4; lastKnownFileType = text; name = read.rhd.q; path = R/read.rhd.q; sourceTree = "<group>"; };
		DAEFA1C10DE3081B002B126B /* reset.q */ = {isa = PBXFileReference; fileEncoding = 4; lastKnownFileType = text; name = reset.q; path = R/reset.q; sourceTree = SOURCE_ROOT; };
		DAEFA1C20DE3081B002B126B /* retract.q */ = {isa = PBXFileReference; fileEncoding = 4; lastKnownFileType = text; name = retract.q; path = R/retract.q; sourceTree = SOURCE_ROOT; };
		DAEFA1C30DE3081B002B126B /* reverse.edge.q */ = {isa = PBXFileReference; fileEncoding = 4; lastKnownFileType = text; name = reverse.edge.q; path = R/reverse.edge.q; sourceTree = SOURCE_ROOT; };
		DAEFA1C40DE3081B002B126B /* RHugin.check.args.q */ = {isa = PBXFileReference; fileEncoding = 4; lastKnownFileType = text; name = RHugin.check.args.q; path = R/RHugin.check.args.q; sourceTree = SOURCE_ROOT; };
		DAEFA1C50DE3081B002B126B /* RHugin.handle.error.q */ = {isa = PBXFileReference; fileEncoding = 4; lastKnownFileType = text; name = RHugin.handle.error.q; path = R/RHugin.handle.error.q; sourceTree = SOURCE_ROOT; };
		DAEFA1C60DE3081B002B126B /* set.cases.q */ = {isa = PBXFileReference; fileEncoding = 4; lastKnownFileType = text; name = set.cases.q; path = R/set.cases.q; sourceTree = SOURCE_ROOT; };
		DAEFA1C80DE3081B002B126B /* set.states.q */ = {isa = PBXFileReference; fileEncoding = 4; lastKnownFileType = text; name = set.states.q; path = R/set.states.q; sourceTree = SOURCE_ROOT; };
		DAEFA1C90DE3081B002B126B /* set.table.q */ = {isa = PBXFileReference; fileEncoding = 4; lastKnownFileType = text; name = set.table.q; path = R/set.table.q; sourceTree = SOURCE_ROOT; };
		DAEFA1CA0DE3081B002B126B /* simulate.RHuginDomain.q */ = {isa = PBXFileReference; fileEncoding = 4; lastKnownFileType = text; name = simulate.RHuginDomain.q; path = R/simulate.RHuginDomain.q; sourceTree = SOURCE_ROOT; };
		DAEFA1CB0DE3081B002B126B /* switch.parent.q */ = {isa = PBXFileReference; fileEncoding = 4; lastKnownFileType = text; name = switch.parent.q; path = R/switch.parent.q; sourceTree = SOURCE_ROOT; };
		DAEFA1CC0DE3081B002B126B /* write.rhd.q */ = {isa = PBXFileReference; fileEncoding = 4; lastKnownFileType = text; name = write.rhd.q; path = R/write.rhd.q; sourceTree = "<group>"; };
		DAEFA1CD0DE3083A002B126B /* add.edge.Rd */ = {isa = PBXFileReference; fileEncoding = 4; lastKnownFileType = text; name = add.edge.Rd; path = man/add.edge.Rd; sourceTree = SOURCE_ROOT; };
		DAEFA1CE0DE3083A002B126B /* add.node.Rd */ = {isa = PBXFileReference; fileEncoding = 4; lastKnownFileType = text; name = add.node.Rd; path = man/add.node.Rd; sourceTree = SOURCE_ROOT; };
		DAEFA1CF0DE3083A002B126B /* clone.node.Rd */ = {isa = PBXFileReference; fileEncoding = 4; lastKnownFileType = text; name = clone.node.Rd; path = man/clone.node.Rd; sourceTree = SOURCE_ROOT; };
		DAEFA1D00DE3083A002B126B /* compile.Rd */ = {isa = PBXFileReference; fileEncoding = 4; lastKnownFileType = text; name = compile.Rd; path = man/compile.Rd; sourceTree = SOURCE_ROOT; };
		DAEFA1D20DE3083A002B126B /* delete.edge.Rd */ = {isa = PBXFileReference; fileEncoding = 4; lastKnownFileType = text; name = delete.edge.Rd; path = man/delete.edge.Rd; sourceTree = SOURCE_ROOT; };
		DAEFA1D30DE3083A002B126B /* delete.node.Rd */ = {isa = PBXFileReference; fileEncoding = 4; lastKnownFileType = text; name = delete.node.Rd; path = man/delete.node.Rd; sourceTree = SOURCE_ROOT; };
		DAEFA1D40DE3083A002B126B /* errors.Rd */ = {isa = PBXFileReference; fileEncoding = 4; lastKnownFileType = text; name = errors.Rd; path = man/errors.Rd; sourceTree = SOURCE_ROOT; };
		DAEFA1D70DE3083A002B126B /* get.belief.Rd */ = {isa = PBXFileReference; fileEncoding = 4; lastKnownFileType = text; name = get.belief.Rd; path = man/get.belief.Rd; sourceTree = SOURCE_ROOT; };
		DAEFA1D80DE3083A002B126B /* get.cases.Rd */ = {isa = PBXFileReference; fileEncoding = 4; lastKnownFileType = text; name = get.cases.Rd; path = man/get.cases.Rd; sourceTree = SOURCE_ROOT; };
		DAEFA1D90DE3083B002B126B /* get.edges.Rd */ = {isa = PBXFileReference; fileEncoding = 4; lastKnownFileType = text; name = get.edges.Rd; path = man/get.edges.Rd; sourceTree = SOURCE_ROOT; };
		DAEFA1DA0DE3083B002B126B /* get.nodes.Rd */ = {isa = PBXFileReference; fileEncoding = 4; lastKnownFileType = text; name = get.nodes.Rd; path = man/get.nodes.Rd; sourceTree = SOURCE_ROOT; };
		DAEFA1DB0DE3083B002B126B /* get.normalization.constant.Rd */ = {isa = PBXFileReference; fileEncoding = 4; lastKnownFileType = text; name = get.normalization.constant.Rd; path = man/get.normalization.constant.Rd; sourceTree = SOURCE_ROOT; };
		DAEFA1DC0DE3083B002B126B /* get.states.Rd */ = {isa = PBXFileReference; fileEncoding = 4; lastKnownFileType = text; name = get.states.Rd; path = man/get.states.Rd; sourceTree = SOURCE_ROOT; };
		DAEFA1DD0DE3083B002B126B /* get.table.nodes.Rd */ = {isa = PBXFileReference; fileEncoding = 4; lastKnownFileType = text; name = get.table.nodes.Rd; path = man/get.table.nodes.Rd; sourceTree = SOURCE_ROOT; };
		DAEFA1DE0DE3083B002B126B /* get.table.Rd */ = {isa = PBXFileReference; fileEncoding = 4; lastKnownFileType = text; name = get.table.Rd; path = man/get.table.Rd; sourceTree = SOURCE_ROOT; };
		DAEFA1DF0DE3083B002B126B /* rhd.Rd */ = {isa = PBXFileReference; fileEncoding = 4; lastKnownFileType = text; name = rhd.Rd; path = man/rhd.Rd; sourceTree = "<group>"; };
		DAEFA1E00DE3083B002B126B /* hugin.domain.Rd */ = {isa = PBXFileReference; fileEncoding = 4; lastKnownFileType = text; name = hugin.domain.Rd; path = man/hugin.domain.Rd; sourceTree = SOURCE_ROOT; };
		DAEFA1E10DE3083B002B126B /* initialize.domain.Rd */ = {isa = PBXFileReference; fileEncoding = 4; lastKnownFileType = text; name = initialize.domain.Rd; path = man/initialize.domain.Rd; sourceTree = SOURCE_ROOT; };
		DAEFA1E30DE3083B002B126B /* propagate.Rd */ = {isa = PBXFileReference; fileEncoding = 4; lastKnownFileType = text; name = propagate.Rd; path = man/propagate.Rd; sourceTree = SOURCE_ROOT; };
		DAEFA1E40DE3083B002B126B /* reset.Rd */ = {isa = PBXFileReference; fileEncoding = 4; lastKnownFileType = text; name = reset.Rd; path = man/reset.Rd; sourceTree = SOURCE_ROOT; };
		DAEFA1E50DE3083B002B126B /* retract.Rd */ = {isa = PBXFileReference; fileEncoding = 4; lastKnownFileType = text; name = retract.Rd; path = man/retract.Rd; sourceTree = SOURCE_ROOT; };
		DAEFA1E60DE3083B002B126B /* reverse.edge.Rd */ = {isa = PBXFileReference; fileEncoding = 4; lastKnownFileType = text; name = reverse.edge.Rd; path = man/reverse.edge.Rd; sourceTree = SOURCE_ROOT; };
		DAEFA1E70DE3083B002B126B /* set.cases.Rd */ = {isa = PBXFileReference; fileEncoding = 4; lastKnownFileType = text; name = set.cases.Rd; path = man/set.cases.Rd; sourceTree = SOURCE_ROOT; };
		DAEFA1E90DE3083B002B126B /* set.states.Rd */ = {isa = PBXFileReference; fileEncoding = 4; lastKnownFileType = text; name = set.states.Rd; path = man/set.states.Rd; sourceTree = SOURCE_ROOT; };
		DAEFA1EA0DE3083B002B126B /* set.table.Rd */ = {isa = PBXFileReference; fileEncoding = 4; lastKnownFileType = text; name = set.table.Rd; path = man/set.table.Rd; sourceTree = SOURCE_ROOT; };
		DAEFA1EB0DE3083B002B126B /* simulate.RHuginDomain.Rd */ = {isa = PBXFileReference; fileEncoding = 4; lastKnownFileType = text; name = simulate.RHuginDomain.Rd; path = man/simulate.RHuginDomain.Rd; sourceTree = SOURCE_ROOT; };
		DAEFA1EC0DE3083B002B126B /* switch.parent.Rd */ = {isa = PBXFileReference; fileEncoding = 4; lastKnownFileType = text; name = switch.parent.Rd; path = man/switch.parent.Rd; sourceTree = SOURCE_ROOT; };
		DAEFA1ED0DE3083B002B126B /* utilities.Rd */ = {isa = PBXFileReference; fileEncoding = 4; lastKnownFileType = text; name = utilities.Rd; path = man/utilities.Rd; sourceTree = SOURCE_ROOT; };
		DAEFA1EE0DE30860002B126B /* Makevars */ = {isa = PBXFileReference; fileEncoding = 4; lastKnownFileType = text; name = Makevars; path = src/Makevars; sourceTree = SOURCE_ROOT; };
		DAEFA1EF0DE30860002B126B /* RHugin.c */ = {isa = PBXFileReference; fileEncoding = 4; lastKnownFileType = sourcecode.c.c; name = RHugin.c; path = src/RHugin.c; sourceTree = SOURCE_ROOT; };
		DAEFA1F00DE30860002B126B /* RHugin.h */ = {isa = PBXFileReference; fileEncoding = 4; lastKnownFileType = sourcecode.c.h; name = RHugin.h; path = src/RHugin.h; sourceTree = SOURCE_ROOT; };
		DAEFA1F10DE30860002B126B /* RHuginLink.c */ = {isa = PBXFileReference; fileEncoding = 4; lastKnownFileType = sourcecode.c.c; name = RHuginLink.c; path = src/RHuginLink.c; sourceTree = SOURCE_ROOT; };
		DAEFA1F20DE30860002B126B /* RHuginLink.h */ = {isa = PBXFileReference; fileEncoding = 4; lastKnownFileType = sourcecode.c.h; name = RHuginLink.h; path = src/RHuginLink.h; sourceTree = SOURCE_ROOT; };
		DAEFA1F70DE30880002B126B /* DESCRIPTION */ = {isa = PBXFileReference; fileEncoding = 4; lastKnownFileType = text; path = DESCRIPTION; sourceTree = SOURCE_ROOT; };
/* End PBXFileReference section */

/* Begin PBXGroup section */
		DA5E09C30E711F1B0014FAFE /* demo */ = {
			isa = PBXGroup;
			children = (
				DA5E0A4E0E7161740014FAFE /* 00Index */,
				DA5E09C40E711F1B0014FAFE /* buildAppleTreeNetwork.r */,
				DA5E09D70E7128940014FAFE /* buildChestClinicNetwork.r */,
				0EFD932D0E8FE8E000A0CDAA /* buildTestNetwork.r */,
			);
			path = demo;
			sourceTree = SOURCE_ROOT;
		};
		DAEFA1960DE30792002B126B = {
			isa = PBXGroup;
			children = (
				DAEFA1F70DE30880002B126B /* DESCRIPTION */,
				DAEFA1A40DE307D8002B126B /* R */,
				DAEFA1A50DE307DF002B126B /* man */,
				DA5E09C30E711F1B0014FAFE /* demo */,
				DAEFA1A70DE307F2002B126B /* src */,
			);
			sourceTree = "<group>";
		};
		DAEFA1A40DE307D8002B126B /* R */ = {
			isa = PBXGroup;
			children = (
				DAEFA1A80DE3081A002B126B /* add.edge.q */,
				DAEFA1A90DE3081A002B126B /* add.node.q */,
				0E39E53E0E6ABC36008B7B91 /* as.graph.q */,
				DAEFA1AA0DE3081A002B126B /* clone.node.q */,
				DAEFA1AB0DE3081A002B126B /* compile.q */,
				DAEFA1AD0DE3081A002B126B /* delete.edge.q */,
				DAEFA1AE0DE3081A002B126B /* delete.node.q */,
				DAEFA1AF0DE3081A002B126B /* error.code.q */,
				DAEFA1B00DE3081A002B126B /* error.description.q */,
				DAEFA1B30DE3081B002B126B /* get.belief.q */,
				DAEFA1B40DE3081B002B126B /* get.cases.q */,
				DAEFA1B50DE3081B002B126B /* get.edges.q */,
				DAD83CD40E1A4044005C9495 /* get.finding.q */,
				DAEFA1B60DE3081B002B126B /* get.nodes.q */,
				DAEFA1B70DE3081B002B126B /* get.normalization.constant.q */,
				DA4C81C40EB2054F00834BEA /* get.sensitivity.q */,
				DAEFA1B80DE3081B002B126B /* get.states.q */,
				DAEFA1B90DE3081B002B126B /* get.table.nodes.q */,
				DAEFA1BA0DE3081B002B126B /* get.table.q */,
				DAEFA1BB0DE3081B002B126B /* hugin.domain.q */,
				DAEFA1BC0DE3081B002B126B /* initialize.domain.q */,
				DAEFA1BD0DE3081B002B126B /* library.q */,
				0E39E5430E6AD475008B7B91 /* plot.RHuginDomain.q */,
				0E39E5650E6AF2F9008B7B91 /* position.nodes.q */,
				DAEFA1BE0DE3081B002B126B /* print.RHuginDomain.q */,
				0EA791CF0DF17F15007CDD16 /* print.summary.RHuginDomain.q */,
				DAEFA1BF0DE3081B002B126B /* propagate.q */,
				DAEFA1C00DE3081B002B126B /* read.rhd.q */,
				DAEFA1C10DE3081B002B126B /* reset.q */,
				DAEFA1C20DE3081B002B126B /* retract.q */,
				DAEFA1C30DE3081B002B126B /* reverse.edge.q */,
				0E9E4E270EAB90A600AAA7D7 /* RHExample.q */,
				DAEFA1C40DE3081B002B126B /* RHugin.check.args.q */,
				DAEFA1C50DE3081B002B126B /* RHugin.handle.error.q */,
				DAEFA1C60DE3081B002B126B /* set.cases.q */,
				DAD83CD30E1A3764005C9495 /* set.finding.q */,
				DAEFA1C80DE3081B002B126B /* set.states.q */,
				DAEFA1C90DE3081B002B126B /* set.table.q */,
				DAEFA1CA0DE3081B002B126B /* simulate.RHuginDomain.q */,
				DAEFA1CB0DE3081B002B126B /* switch.parent.q */,
				0EA791AE0DF1755B007CDD16 /* summary.RHuginDomain.q */,
				DAEFA1CC0DE3081B002B126B /* write.rhd.q */,
			);
			name = R;
			sourceTree = "<group>";
		};
		DAEFA1A50DE307DF002B126B /* man */ = {
			isa = PBXGroup;
			children = (
				DAEFA1CD0DE3083A002B126B /* add.edge.Rd */,
				DAEFA1CE0DE3083A002B126B /* add.node.Rd */,
				0E39E5CE0E6B0590008B7B91 /* as.graph.Rd */,
				DAEFA1CF0DE3083A002B126B /* clone.node.Rd */,
				DAEFA1D00DE3083A002B126B /* compile.Rd */,
				DAEFA1D20DE3083A002B126B /* delete.edge.Rd */,
				DAEFA1D30DE3083A002B126B /* delete.node.Rd */,
				DAEFA1D40DE3083A002B126B /* errors.Rd */,
				DAEFA1D70DE3083A002B126B /* get.belief.Rd */,
				DAEFA1D80DE3083A002B126B /* get.cases.Rd */,
				DAEFA1D90DE3083B002B126B /* get.edges.Rd */,
				DAD83CEF0E1A52EE005C9495 /* get.finding.Rd */,
				DAEFA1DA0DE3083B002B126B /* get.nodes.Rd */,
				DAEFA1DB0DE3083B002B126B /* get.normalization.constant.Rd */,
				0E06219E0EB4B7D60084E761 /* get.sensitivity.Rd */,
				DAEFA1DC0DE3083B002B126B /* get.states.Rd */,
				DAEFA1DD0DE3083B002B126B /* get.table.nodes.Rd */,
				DAEFA1DE0DE3083B002B126B /* get.table.Rd */,
				DAEFA1E00DE3083B002B126B /* hugin.domain.Rd */,
				DAEFA1E10DE3083B002B126B /* initialize.domain.Rd */,
				0E39E5850E6AF895008B7B91 /* plot.RHuginDomain.Rd */,
				0E39E5860E6AF895008B7B91 /* position.nodes.Rd */,
				DAD83CF20E1A5620005C9495 /* print.RHuginDomain.Rd */,
				DAD83CF30E1A5620005C9495 /* print.summary.RHuginDomain.Rd */,
				DAEFA1E30DE3083B002B126B /* propagate.Rd */,
				DAEFA1E40DE3083B002B126B /* reset.Rd */,
				DAEFA1E50DE3083B002B126B /* retract.Rd */,
				DAEFA1E60DE3083B002B126B /* reverse.edge.Rd */,
				DAEFA1DF0DE3083B002B126B /* rhd.Rd */,
				0E9E4E2A0EAB916800AAA7D7 /* RHExample.Rd */,
				DAEFA1E70DE3083B002B126B /* set.cases.Rd */,
				DAD83CF00E1A52EE005C9495 /* set.finding.Rd */,
				DAEFA1E90DE3083B002B126B /* set.states.Rd */,
				DAEFA1EA0DE3083B002B126B /* set.table.Rd */,
				DAEFA1EB0DE3083B002B126B /* simulate.RHuginDomain.Rd */,
				DAD83CF10E1A52EE005C9495 /* summary.RHuginDomain.Rd */,
				DAEFA1EC0DE3083B002B126B /* switch.parent.Rd */,
				DAEFA1ED0DE3083B002B126B /* utilities.Rd */,
			);
			name = man;
			sourceTree = "<group>";
		};
		DAEFA1A70DE307F2002B126B /* src */ = {
			isa = PBXGroup;
			children = (
				DAEFA1EE0DE30860002B126B /* Makevars */,
				DAEFA1EF0DE30860002B126B /* RHugin.c */,
				DAEFA1F00DE30860002B126B /* RHugin.h */,
				DAEFA1F10DE30860002B126B /* RHuginLink.c */,
				DAEFA1F20DE30860002B126B /* RHuginLink.h */,
			);
			name = src;
			sourceTree = "<group>";
		};
/* End PBXGroup section */

/* Begin PBXProject section */
		DAEFA1980DE30792002B126B /* Project object */ = {
			isa = PBXProject;
			buildConfigurationList = DAEFA19B0DE30792002B126B /* Build configuration list for PBXProject "RHugin" */;
			compatibilityVersion = "Xcode 2.4";
			hasScannedForEncodings = 0;
			mainGroup = DAEFA1960DE30792002B126B;
			projectDirPath = "";
			projectRoot = "";
			targets = (
			);
		};
/* End PBXProject section */

/* Begin XCBuildConfiguration section */
		DAEFA1990DE30792002B126B /* Debug */ = {
			isa = XCBuildConfiguration;
			buildSettings = {
				COPY_PHASE_STRIP = NO;
			};
			name = Debug;
		};
		DAEFA19A0DE30792002B126B /* Release */ = {
			isa = XCBuildConfiguration;
			buildSettings = {
				COPY_PHASE_STRIP = YES;
			};
			name = Release;
		};
/* End XCBuildConfiguration section */

/* Begin XCConfigurationList section */
		DAEFA19B0DE30792002B126B /* Build configuration list for PBXProject "RHugin" */ = {
			isa = XCConfigurationList;
			buildConfigurations = (
				DAEFA1990DE30792002B126B /* Debug */,
				DAEFA19A0DE30792002B126B /* Release */,
			);
			defaultConfigurationIsVisible = 0;
			defaultConfigurationName = Release;
		};
/* End XCConfigurationList section */
	};
	rootObject = DAEFA1980DE30792002B126B /* Project object */;
}
