
Microsoft Visual Studio Solution File, Format Version 11.00
# Visual C++ Express 2010
Project("{8BC9CEB8-8B4A-11D0-8D11-00A0C91BC942}") = "RHuginVS2010E", "RHuginVS2010E.vcxproj", "{24E9FC50-7379-40DD-8E7E-FCD3547F4BC3}"
EndProject
Global
	GlobalSection(SolutionConfigurationPlatforms) = preSolution
		Debug|Win32 = Debug|Win32
		Release|Win32 = Release|Win32
	EndGlobalSection
	GlobalSection(ProjectConfigurationPlatforms) = postSolution
		{24E9FC50-7379-40DD-8E7E-FCD3547F4BC3}.Debug|Win32.ActiveCfg = Debug|Win32
		{24E9FC50-7379-40DD-8E7E-FCD3547F4BC3}.Debug|Win32.Build.0 = Debug|Win32
		{24E9FC50-7379-40DD-8E7E-FCD3547F4BC3}.Release|Win32.ActiveCfg = Release|Win32
		{24E9FC50-7379-40DD-8E7E-FCD3547F4BC3}.Release|Win32.Build.0 = Release|Win32
	EndGlobalSection
	GlobalSection(SolutionProperties) = preSolution
		HideSolutionNode = FALSE
	EndGlobalSection
EndGlobal
